
Microsoft Visual Studio Solution File, Format Version 12.00
# Visual Studio 15
VisualStudioVersion = 15.0.26206.0
MinimumVisualStudioVersion = 10.0.40219.1
Project("{FAE04EC0-301F-11D3-BF4B-00C04F79EFBC}") = "ToDo.Droid", "ToDo\ToDo.Droid\ToDo.Droid.csproj", "{72327EDB-D9CD-4473-BE21-77A9B3FED1B9}"
EndProject
Project("{FAE04EC0-301F-11D3-BF4B-00C04F79EFBC}") = "ToDo.iOS", "ToDo\ToDo.iOS\ToDo.iOS.csproj", "{DFE5E65D-8259-4969-AEFD-7D124F60E715}"
EndProject
Project("{FAE04EC0-301F-11D3-BF4B-00C04F79EFBC}") = "ToDoPCL", "ToDoPCL\ToDoPCL.csproj", "{67F9D3A8-F71E-4428-913F-C37AE82CDB24}"
EndProject
Project("{2150E333-8FDC-42A3-9474-1A3956D46DE8}") = "Targets", "Targets", "{4C7952AD-DDD0-46E4-B2F4-05D86EE105C9}"
EndProject
Global
	GlobalSection(SolutionConfigurationPlatforms) = preSolution
		Ad-Hoc|Any CPU = Ad-Hoc|Any CPU
		Ad-Hoc|iPhone = Ad-Hoc|iPhone
		Ad-Hoc|iPhoneSimulator = Ad-Hoc|iPhoneSimulator
		AppStore|Any CPU = AppStore|Any CPU
		AppStore|iPhone = AppStore|iPhone
		AppStore|iPhoneSimulator = AppStore|iPhoneSimulator
		Debug|Any CPU = Debug|Any CPU
		Debug|iPhone = Debug|iPhone
		Debug|iPhoneSimulator = Debug|iPhoneSimulator
		Release|Any CPU = Release|Any CPU
		Release|iPhone = Release|iPhone
		Release|iPhoneSimulator = Release|iPhoneSimulator
	EndGlobalSection
	GlobalSection(ProjectConfigurationPlatforms) = postSolution
		{72327EDB-D9CD-4473-BE21-77A9B3FED1B9}.Ad-Hoc|Any CPU.ActiveCfg = Release|Any CPU
		{72327EDB-D9CD-4473-BE21-77A9B3FED1B9}.Ad-Hoc|Any CPU.Build.0 = Release|Any CPU
		{72327EDB-D9CD-4473-BE21-77A9B3FED1B9}.Ad-Hoc|Any CPU.Deploy.0 = Release|Any CPU
		{72327EDB-D9CD-4473-BE21-77A9B3FED1B9}.Ad-Hoc|iPhone.ActiveCfg = Release|Any CPU
		{72327EDB-D9CD-4473-BE21-77A9B3FED1B9}.Ad-Hoc|iPhone.Build.0 = Release|Any CPU
		{72327EDB-D9CD-4473-BE21-77A9B3FED1B9}.Ad-Hoc|iPhone.Deploy.0 = Release|Any CPU
		{72327EDB-D9CD-4473-BE21-77A9B3FED1B9}.Ad-Hoc|iPhoneSimulator.ActiveCfg = Release|Any CPU
		{72327EDB-D9CD-4473-BE21-77A9B3FED1B9}.Ad-Hoc|iPhoneSimulator.Build.0 = Release|Any CPU
		{72327EDB-D9CD-4473-BE21-77A9B3FED1B9}.Ad-Hoc|iPhoneSimulator.Deploy.0 = Release|Any CPU
		{72327EDB-D9CD-4473-BE21-77A9B3FED1B9}.AppStore|Any CPU.ActiveCfg = Release|Any CPU
		{72327EDB-D9CD-4473-BE21-77A9B3FED1B9}.AppStore|Any CPU.Build.0 = Release|Any CPU
		{72327EDB-D9CD-4473-BE21-77A9B3FED1B9}.AppStore|Any CPU.Deploy.0 = Release|Any CPU
		{72327EDB-D9CD-4473-BE21-77A9B3FED1B9}.AppStore|iPhone.ActiveCfg = Release|Any CPU
		{72327EDB-D9CD-4473-BE21-77A9B3FED1B9}.AppStore|iPhone.Build.0 = Release|Any CPU
		{72327EDB-D9CD-4473-BE21-77A9B3FED1B9}.AppStore|iPhone.Deploy.0 = Release|Any CPU
		{72327EDB-D9CD-4473-BE21-77A9B3FED1B9}.AppStore|iPhoneSimulator.ActiveCfg = Release|Any CPU
		{72327EDB-D9CD-4473-BE21-77A9B3FED1B9}.AppStore|iPhoneSimulator.Build.0 = Release|Any CPU
		{72327EDB-D9CD-4473-BE21-77A9B3FED1B9}.AppStore|iPhoneSimulator.Deploy.0 = Release|Any CPU
		{72327EDB-D9CD-4473-BE21-77A9B3FED1B9}.Debug|Any CPU.ActiveCfg = Debug|Any CPU
		{72327EDB-D9CD-4473-BE21-77A9B3FED1B9}.Debug|Any CPU.Build.0 = Debug|Any CPU
		{72327EDB-D9CD-4473-BE21-77A9B3FED1B9}.Debug|Any CPU.Deploy.0 = Debug|Any CPU
		{72327EDB-D9CD-4473-BE21-77A9B3FED1B9}.Debug|iPhone.ActiveCfg = Debug|Any CPU
		{72327EDB-D9CD-4473-BE21-77A9B3FED1B9}.Debug|iPhone.Build.0 = Debug|Any CPU
		{72327EDB-D9CD-4473-BE21-77A9B3FED1B9}.Debug|iPhone.Deploy.0 = Debug|Any CPU
		{72327EDB-D9CD-4473-BE21-77A9B3FED1B9}.Debug|iPhoneSimulator.ActiveCfg = Debug|Any CPU
		{72327EDB-D9CD-4473-BE21-77A9B3FED1B9}.Debug|iPhoneSimulator.Build.0 = Debug|Any CPU
		{72327EDB-D9CD-4473-BE21-77A9B3FED1B9}.Debug|iPhoneSimulator.Deploy.0 = Debug|Any CPU
		{72327EDB-D9CD-4473-BE21-77A9B3FED1B9}.Release|Any CPU.ActiveCfg = Release|Any CPU
		{72327EDB-D9CD-4473-BE21-77A9B3FED1B9}.Release|Any CPU.Build.0 = Release|Any CPU
		{72327EDB-D9CD-4473-BE21-77A9B3FED1B9}.Release|Any CPU.Deploy.0 = Release|Any CPU
		{72327EDB-D9CD-4473-BE21-77A9B3FED1B9}.Release|iPhone.ActiveCfg = Release|Any CPU
		{72327EDB-D9CD-4473-BE21-77A9B3FED1B9}.Release|iPhone.Build.0 = Release|Any CPU
		{72327EDB-D9CD-4473-BE21-77A9B3FED1B9}.Release|iPhone.Deploy.0 = Release|Any CPU
		{72327EDB-D9CD-4473-BE21-77A9B3FED1B9}.Release|iPhoneSimulator.ActiveCfg = Release|Any CPU
		{72327EDB-D9CD-4473-BE21-77A9B3FED1B9}.Release|iPhoneSimulator.Build.0 = Release|Any CPU
		{72327EDB-D9CD-4473-BE21-77A9B3FED1B9}.Release|iPhoneSimulator.Deploy.0 = Release|Any CPU
		{DFE5E65D-8259-4969-AEFD-7D124F60E715}.Ad-Hoc|Any CPU.ActiveCfg = Ad-Hoc|iPhone
		{DFE5E65D-8259-4969-AEFD-7D124F60E715}.Ad-Hoc|iPhone.ActiveCfg = Ad-Hoc|iPhone
		{DFE5E65D-8259-4969-AEFD-7D124F60E715}.Ad-Hoc|iPhone.Build.0 = Ad-Hoc|iPhone
		{DFE5E65D-8259-4969-AEFD-7D124F60E715}.Ad-Hoc|iPhoneSimulator.ActiveCfg = Ad-Hoc|iPhoneSimulator
		{DFE5E65D-8259-4969-AEFD-7D124F60E715}.Ad-Hoc|iPhoneSimulator.Build.0 = Ad-Hoc|iPhoneSimulator
		{DFE5E65D-8259-4969-AEFD-7D124F60E715}.AppStore|Any CPU.ActiveCfg = AppStore|iPhone
		{DFE5E65D-8259-4969-AEFD-7D124F60E715}.AppStore|iPhone.ActiveCfg = AppStore|iPhone
		{DFE5E65D-8259-4969-AEFD-7D124F60E715}.AppStore|iPhone.Build.0 = AppStore|iPhone
		{DFE5E65D-8259-4969-AEFD-7D124F60E715}.AppStore|iPhoneSimulator.ActiveCfg = AppStore|iPhoneSimulator
		{DFE5E65D-8259-4969-AEFD-7D124F60E715}.AppStore|iPhoneSimulator.Build.0 = AppStore|iPhoneSimulator
		{DFE5E65D-8259-4969-AEFD-7D124F60E715}.Debug|Any CPU.ActiveCfg = Debug|iPhone
		{DFE5E65D-8259-4969-AEFD-7D124F60E715}.Debug|iPhone.ActiveCfg = Debug|iPhone
		{DFE5E65D-8259-4969-AEFD-7D124F60E715}.Debug|iPhone.Build.0 = Debug|iPhone
		{DFE5E65D-8259-4969-AEFD-7D124F60E715}.Debug|iPhoneSimulator.ActiveCfg = Debug|iPhoneSimulator
		{DFE5E65D-8259-4969-AEFD-7D124F60E715}.Debug|iPhoneSimulator.Build.0 = Debug|iPhoneSimulator
		{DFE5E65D-8259-4969-AEFD-7D124F60E715}.Release|Any CPU.ActiveCfg = Release|iPhone
		{DFE5E65D-8259-4969-AEFD-7D124F60E715}.Release|iPhone.ActiveCfg = Release|iPhone
		{DFE5E65D-8259-4969-AEFD-7D124F60E715}.Release|iPhone.Build.0 = Release|iPhone
		{DFE5E65D-8259-4969-AEFD-7D124F60E715}.Release|iPhoneSimulator.ActiveCfg = Release|iPhoneSimulator
		{DFE5E65D-8259-4969-AEFD-7D124F60E715}.Release|iPhoneSimulator.Build.0 = Release|iPhoneSimulator
		{67F9D3A8-F71E-4428-913F-C37AE82CDB24}.Ad-Hoc|Any CPU.ActiveCfg = Release|Any CPU
		{67F9D3A8-F71E-4428-913F-C37AE82CDB24}.Ad-Hoc|Any CPU.Build.0 = Release|Any CPU
		{67F9D3A8-F71E-4428-913F-C37AE82CDB24}.Ad-Hoc|iPhone.ActiveCfg = Release|Any CPU
		{67F9D3A8-F71E-4428-913F-C37AE82CDB24}.Ad-Hoc|iPhone.Build.0 = Release|Any CPU
		{67F9D3A8-F71E-4428-913F-C37AE82CDB24}.Ad-Hoc|iPhoneSimulator.ActiveCfg = Release|Any CPU
		{67F9D3A8-F71E-4428-913F-C37AE82CDB24}.Ad-Hoc|iPhoneSimulator.Build.0 = Release|Any CPU
		{67F9D3A8-F71E-4428-913F-C37AE82CDB24}.AppStore|Any CPU.ActiveCfg = Release|Any CPU
		{67F9D3A8-F71E-4428-913F-C37AE82CDB24}.AppStore|Any CPU.Build.0 = Release|Any CPU
		{67F9D3A8-F71E-4428-913F-C37AE82CDB24}.AppStore|iPhone.ActiveCfg = Release|Any CPU
		{67F9D3A8-F71E-4428-913F-C37AE82CDB24}.AppStore|iPhone.Build.0 = Release|Any CPU
		{67F9D3A8-F71E-4428-913F-C37AE82CDB24}.AppStore|iPhoneSimulator.ActiveCfg = Release|Any CPU
		{67F9D3A8-F71E-4428-913F-C37AE82CDB24}.AppStore|iPhoneSimulator.Build.0 = Release|Any CPU
		{67F9D3A8-F71E-4428-913F-C37AE82CDB24}.Debug|Any CPU.ActiveCfg = Debug|Any CPU
		{67F9D3A8-F71E-4428-913F-C37AE82CDB24}.Debug|Any CPU.Build.0 = Debug|Any CPU
		{67F9D3A8-F71E-4428-913F-C37AE82CDB24}.Debug|iPhone.ActiveCfg = Debug|Any CPU
		{67F9D3A8-F71E-4428-913F-C37AE82CDB24}.Debug|iPhone.Build.0 = Debug|Any CPU
		{67F9D3A8-F71E-4428-913F-C37AE82CDB24}.Debug|iPhoneSimulator.ActiveCfg = Debug|Any CPU
		{67F9D3A8-F71E-4428-913F-C37AE82CDB24}.Debug|iPhoneSimulator.Build.0 = Debug|Any CPU
		{67F9D3A8-F71E-4428-913F-C37AE82CDB24}.Release|Any CPU.ActiveCfg = Release|Any CPU
		{67F9D3A8-F71E-4428-913F-C37AE82CDB24}.Release|Any CPU.Build.0 = Release|Any CPU
		{67F9D3A8-F71E-4428-913F-C37AE82CDB24}.Release|iPhone.ActiveCfg = Release|Any CPU
		{67F9D3A8-F71E-4428-913F-C37AE82CDB24}.Release|iPhone.Build.0 = Release|Any CPU
		{67F9D3A8-F71E-4428-913F-C37AE82CDB24}.Release|iPhoneSimulator.ActiveCfg = Release|Any CPU
		{67F9D3A8-F71E-4428-913F-C37AE82CDB24}.Release|iPhoneSimulator.Build.0 = Release|Any CPU
	EndGlobalSection
	GlobalSection(SolutionProperties) = preSolution
		HideSolutionNode = FALSE
	EndGlobalSection
	GlobalSection(NestedProjects) = preSolution
		{72327EDB-D9CD-4473-BE21-77A9B3FED1B9} = {4C7952AD-DDD0-46E4-B2F4-05D86EE105C9}
		{DFE5E65D-8259-4969-AEFD-7D124F60E715} = {4C7952AD-DDD0-46E4-B2F4-05D86EE105C9}
	EndGlobalSection
EndGlobal
